lockfileVersion: '9.0'

settings:
  autoInstallPeers: true
  excludeLinksFromLockfile: false

importers:

  .:
    dependencies:
      '@simplewebauthn/browser':
        specifier: ^13.3.0
        version: 13.3.0
      zod:
        specifier: ^4.3.6
        version: 4.3.6

packages:

  '@simplewebauthn/browser@13.3.0':
    resolution: {integrity: sha512-BE/UWv6FOToAdVk0EokzkqQQDOWtNydYlY6+OrmiZ5SCNmb41VehttboTetUM3T/fr6EAFYVXjz4My2wg230rQ==}

  zod@4.3.6:
    resolution: {integrity: sha512-rftlrkhHZOcjDwkGlnUtZZkvaPHCsDATp4pGpuOOMDaTdDDXF91wuVDJoWoPsKX/3YPQ5fHuF3STjcYyKr+Qhg==}

snapshots:

  '@simplewebauthn/browser@13.3.0': {}

  zod@4.3.6: {}
